// !$*UTF8*$!
{
	archiveVersion = 1;
	classes = {
	};
	objectVersion = 50;
	objects = {

/* Begin PBXBuildFile section */
		834C55A721F7B1F8005372FE /* AppDelegate.swift in Sources */ = {isa = PBXBuildFile; fileRef = 834C55A621F7B1F8005372FE /* AppDelegate.swift */; };
		834C55A921F7B1F8005372FE /* ViewController.swift in Sources */ = {isa = PBXBuildFile; fileRef = 834C55A821F7B1F8005372FE /* ViewController.swift */; };
		834C55AC21F7B1F8005372FE /* Main.storyboard in Resources */ = {isa = PBXBuildFile; fileRef = 834C55AA21F7B1F8005372FE /* Main.storyboard */; };
		834C55AE21F7B1FC005372FE /* Assets.xcassets in Resources */ = {isa = PBXBuildFile; fileRef = 834C55AD21F7B1FC005372FE /* Assets.xcassets */; };
		834C55B121F7B1FC005372FE /* LaunchScreen.storyboard in Resources */ = {isa = PBXBuildFile; fileRef = 834C55AF21F7B1FC005372FE /* LaunchScreen.storyboard */; };
		834C55BC21F7B1FC005372FE /* FlixTests.swift in Sources */ = {isa = PBXBuildFile; fileRef = 834C55BB21F7B1FC005372FE /* FlixTests.swift */; };
		834C55C721F7B1FC005372FE /* FlixUITests.swift in Sources */ = {isa = PBXBuildFile; fileRef = 834C55C621F7B1FC005372FE /* FlixUITests.swift */; };
/* End PBXBuildFile section */

/* Begin PBXContainerItemProxy section */
		834C55B821F7B1FC005372FE /* PBXContainerItemProxy */ = {
			isa = PBXContainerItemProxy;
			containerPortal = 834C559B21F7B1F8005372FE /* Project object */;
			proxyType = 1;
			remoteGlobalIDString = 834C55A221F7B1F8005372FE;
			remoteInfo = Flix;
		};
		834C55C321F7B1FC005372FE /* PBXContainerItemProxy */ = {
			isa = PBXContainerItemProxy;
			containerPortal = 834C559B21F7B1F8005372FE /* Project object */;
			proxyType = 1;
			remoteGlobalIDString = 834C55A221F7B1F8005372FE;
			remoteInfo = Flix;
		};
/* End PBXContainerItemProxy section */

/* Begin PBXFileReference section */
		834C55A321F7B1F8005372FE /* Flix.app */ = {isa = PBXFileReference; explicitFileType = wrapper.application; includeInIndex = 0; path = Flix.app; sourceTree = BUILT_PRODUCTS_DIR; };
		834C55A621F7B1F8005372FE /* AppDelegate.swift */ = {isa = PBXFileReference; lastKnownFileType = sourcecode.swift; path = AppDelegate.swift; sourceTree = "<group>"; };
		834C55A821F7B1F8005372FE /* ViewController.swift */ = {isa = PBXFileReference; lastKnownFileType = sourcecode.swift; path = ViewController.swift; sourceTree = "<group>"; };
		834C55AB21F7B1F8005372FE /* Base */ = {isa = PBXFileReference; lastKnownFileType = file.storyboard; name = Base; path = Base.lproj/Main.storyboard; sourceTree = "<group>"; };
		834C55AD21F7B1FC005372FE /* Assets.xcassets */ = {isa = PBXFileReference; lastKnownFileType = folder.assetcatalog; path = Assets.xcassets; sourceTree = "<group>"; };
		834C55B021F7B1FC005372FE /* Base */ = {isa = PBXFileReference; lastKnownFileType = file.storyboard; name = Base; path = Base.lproj/LaunchScreen.storyboard; sourceTree = "<group>"; };
		834C55B221F7B1FC005372FE /* Info.plist */ = {isa = PBXFileReference; lastKnownFileType = text.plist.xml; path = Info.plist; sourceTree = "<group>"; };
		834C55B721F7B1FC005372FE /* FlixTests.xctest */ = {isa = PBXFileReference; explicitFileType = wrapper.cfbundle; includeInIndex = 0; path = FlixTests.xctest; sourceTree = BUILT_PRODUCTS_DIR; };
		834C55BB21F7B1FC005372FE /* FlixTests.swift */ = {isa = PBXFileReference; lastKnownFileType = sourcecode.swift; path = FlixTests.swift; sourceTree = "<group>"; };
		834C55BD21F7B1FC005372FE /* Info.plist */ = {isa = PBXFileReference; lastKnownFileType = text.plist.xml; path = Info.plist; sourceTree = "<group>"; };
		834C55C221F7B1FC005372FE /* FlixUITests.xctest */ = {isa = PBXFileReference; explicitFileType = wrapper.cfbundle; includeInIndex = 0; path = FlixUITests.xctest; sourceTree = BUILT_PRODUCTS_DIR; };
		834C55C621F7B1FC005372FE /* FlixUITests.swift */ = {isa = PBXFileReference; lastKnownFileType = sourcecode.swift; path = FlixUITests.swift; sourceTree = "<group>"; };
		834C55C821F7B1FC005372FE /* Info.plist */ = {isa = PBXFileReference; lastKnownFileType = text.plist.xml; path = Info.plist; sourceTree = "<group>"; };
/* End PBXFileReference section */

/* Begin PBXFrameworksBuildPhase section */
		834C55A021F7B1F8005372FE /* Frameworks */ = {
			isa = PBXFrameworksBuildPhase;
			buildActionMask = 2147483647;
			files = (
			);
			runOnlyForDeploymentPostprocessing = 0;
		};
		834C55B421F7B1FC005372FE /* Frameworks */ = {
			isa = PBXFrameworksBuildPhase;
			buildActionMask = 2147483647;
			files = (
			);
			runOnlyForDeploymentPostprocessing = 0;
		};
		834C55BF21F7B1FC005372FE /* Frameworks */ = {
			isa = PBXFrameworksBuildPhase;
			buildActionMask = 2147483647;
			files = (
			);
			runOnlyForDeploymentPostprocessing = 0;
		};
/* End PBXFrameworksBuildPhase section */

/* Begin PBXGroup section */
		834C559A21F7B1F8005372FE = {
			isa = PBXGroup;
			children = (
				834C55A521F7B1F8005372FE /* Flix */,
				834C55BA21F7B1FC005372FE /* FlixTests */,
				834C55C521F7B1FC005372FE /* FlixUITests */,
				834C55A421F7B1F8005372FE /* Products */,
			);
			sourceTree = "<group>";
		};
		834C55A421F7B1F8005372FE /* Products */ = {
			isa = PBXGroup;
			children = (
				834C55A321F7B1F8005372FE /* Flix.app */,
				834C55B721F7B1FC005372FE /* FlixTests.xctest */,
				834C55C221F7B1FC005372FE /* FlixUITests.xctest */,
			);
			name = Products;
			sourceTree = "<group>";
		};
		834C55A521F7B1F8005372FE /* Flix */ = {
			isa = PBXGroup;
			children = (
				834C55A621F7B1F8005372FE /* AppDelegate.swift */,
				834C55A821F7B1F8005372FE /* ViewController.swift */,
				834C55AA21F7B1F8005372FE /* Main.storyboard */,
				834C55AD21F7B1FC005372FE /* Assets.xcassets */,
				834C55AF21F7B1FC005372FE /* LaunchScreen.storyboard */,
				834C55B221F7B1FC005372FE /* Info.plist */,
			);
			path = Flix;
			sourceTree = "<group>";
		};
		834C55BA21F7B1FC005372FE /* FlixTests */ = {
			isa = PBXGroup;
			children = (
				834C55BB21F7B1FC005372FE /* FlixTests.swift */,
				834C55BD21F7B1FC005372FE /* Info.plist */,
			);
			path = FlixTests;
			sourceTree = "<group>";
		};
		834C55C521F7B1FC005372FE /* FlixUITests */ = {
			isa = PBXGroup;
			children = (
				834C55C621F7B1FC005372FE /* FlixUITests.swift */,
				834C55C821F7B1FC005372FE /* Info.plist */,
			);
			path = FlixUITests;
			sourceTree = "<group>";
		};
/* End PBXGroup section */

/* Begin PBXNativeTarget section */
		834C55A221F7B1F8005372FE /* Flix */ = {
			isa = PBXNativeTarget;
			buildConfigurationList = 834C55CB21F7B1FC005372FE /* Build configuration list for PBXNativeTarget "Flix" */;
			buildPhases = (
				834C559F21F7B1F8005372FE /* Sources */,
				834C55A021F7B1F8005372FE /* Frameworks */,
				834C55A121F7B1F8005372FE /* Resources */,
			);
			buildRules = (
			);
			dependencies = (
			);
			name = Flix;
			productName = Flix;
			productReference = 834C55A321F7B1F8005372FE /* Flix.app */;
			productType = "com.apple.product-type.application";
		};
		834C55B621F7B1FC005372FE /* FlixTests */ = {
			isa = PBXNativeTarget;
			buildConfigurationList = 834C55CE21F7B1FC005372FE /* Build configuration list for PBXNativeTarget "FlixTests" */;
			buildPhases = (
				834C55B321F7B1FC005372FE /* Sources */,
				834C55B421F7B1FC005372FE /* Frameworks */,
				834C55B521F7B1FC005372FE /* Resources */,
			);
			buildRules = (
			);
			dependencies = (
				834C55B921F7B1FC005372FE /* PBXTargetDependency */,
			);
			name = FlixTests;
			productName = FlixTests;
			productReference = 834C55B721F7B1FC005372FE /* FlixTests.xctest */;
			productType = "com.apple.product-type.bundle.unit-test";
		};
		834C55C121F7B1FC005372FE /* FlixUITests */ = {
			isa = PBXNativeTarget;
			buildConfigurationList = 834C55D121F7B1FC005372FE /* Build configuration list for PBXNativeTarget "FlixUITests" */;
			buildPhases = (
				834C55BE21F7B1FC005372FE /* Sources */,
				834C55BF21F7B1FC005372FE /* Frameworks */,
				834C55C021F7B1FC005372FE /* Resources */,
			);
			buildRules = (
			);
			dependencies = (
				834C55C421F7B1FC005372FE /* PBXTargetDependency */,
			);
			name = FlixUITests;
			productName = FlixUITests;
			productReference = 834C55C221F7B1FC005372FE /* FlixUITests.xctest */;
			productType = "com.apple.product-type.bundle.ui-testing";
		};
/* End PBXNativeTarget section */

/* Begin PBXProject section */
		834C559B21F7B1F8005372FE /* Project object */ = {
			isa = PBXProject;
			attributes = {
				LastSwiftUpdateCheck = 0940;
				LastUpgradeCheck = 0940;
				ORGANIZATIONNAME = com;
				TargetAttributes = {
					834C55A221F7B1F8005372FE = {
						CreatedOnToolsVersion = 9.4;
					};
					834C55B621F7B1FC005372FE = {
						CreatedOnToolsVersion = 9.4;
						TestTargetID = 834C55A221F7B1F8005372FE;
					};
					834C55C121F7B1FC005372FE = {
						CreatedOnToolsVersion = 9.4;
						TestTargetID = 834C55A221F7B1F8005372FE;
					};
				};
			};
			buildConfigurationList = 834C559E21F7B1F8005372FE /* Build configuration list for PBXProject "Flix" */;
			compatibilityVersion = "Xcode 9.3";
			developmentRegion = en;
			hasScannedForEncodings = 0;
			knownRegions = (
				en,
				Base,
			);
			mainGroup = 834C559A21F7B1F8005372FE;
			productRefGroup = 834C55A421F7B1F8005372FE /* Products */;
			projectDirPath = "";
			projectRoot = "";
			targets = (
				834C55A221F7B1F8005372FE /* Flix */,
				834C55B621F7B1FC005372FE /* FlixTests */,
				834C55C121F7B1FC005372FE /* FlixUITests */,
			);
		};
/* End PBXProject section */

/* Begin PBXResourcesBuildPhase section */
		834C55A121F7B1F8005372FE /* Resources */ = {
			isa = PBXResourcesBuildPhase;
			buildActionMask = 2147483647;
			files = (
				834C55B121F7B1FC005372FE /* LaunchScreen.storyboard in Resources */,
				834C55AE21F7B1FC005372FE /* Assets.xcassets in Resources */,
				834C55AC21F7B1F8005372FE /* Main.storyboard in Resources */,
			);
			runOnlyForDeploymentPostprocessing = 0;
		};
		834C55B521F7B1FC005372FE /* Resources */ = {
			isa = PBXResourcesBuildPhase;
			buildActionMask = 2147483647;
			files = (
			);
			runOnlyForDeploymentPostprocessing = 0;
		};
		834C55C021F7B1FC005372FE /* Resources */ = {
			isa = PBXResourcesBuildPhase;
			buildActionMask = 2147483647;
			files = (
			);
			runOnlyForDeploymentPostprocessing = 0;
		};
/* End PBXResourcesBuildPhase section */

/* Begin PBXSourcesBuildPhase section */
		834C559F21F7B1F8005372FE /* Sources */ = {
			isa = PBXSourcesBuildPhase;
			buildActionMask = 2147483647;
			files = (
				834C55A921F7B1F8005372FE /* ViewController.swift in Sources */,
				834C55A721F7B1F8005372FE /* AppDelegate.swift in Sources */,
			);
			runOnlyForDeploymentPostprocessing = 0;
		};
		834C55B321F7B1FC005372FE /* Sources */ = {
			isa = PBXSourcesBuildPhase;
			buildActionMask = 2147483647;
			files = (
				834C55BC21F7B1FC005372FE /* FlixTests.swift in Sources */,
			);
			runOnlyForDeploymentPostprocessing = 0;
		};
		834C55BE21F7B1FC005372FE /* Sources */ = {
			isa = PBXSourcesBuildPhase;
			buildActionMask = 2147483647;
			files = (
				834C55C721F7B1FC005372FE /* FlixUITests.swift in Sources */,
			);
			runOnlyForDeploymentPostprocessing = 0;
		};
/* End PBXSourcesBuildPhase section */

/* Begin PBXTargetDependency section */
		834C55B921F7B1FC005372FE /* PBXTargetDependency */ = {
			isa = PBXTargetDependency;
			target = 834C55A221F7B1F8005372FE /* Flix */;
			targetProxy = 834C55B821F7B1FC005372FE /* PBXContainerItemProxy */;
		};
		834C55C421F7B1FC005372FE /* PBXTargetDependency */ = {
			isa = PBXTargetDependency;
			target = 834C55A221F7B1F8005372FE /* Flix */;
			targetProxy = 834C55C321F7B1FC005372FE /* PBXContainerItemProxy */;
		};
/* End PBXTargetDependency section */

/* Begin PBXVariantGroup section */
		834C55AA21F7B1F8005372FE /* Main.storyboard */ = {
			isa = PBXVariantGroup;
			children = (
				834C55AB21F7B1F8005372FE /* Base */,
			);
			name = Main.storyboard;
			sourceTree = "<group>";
		};
		834C55AF21F7B1FC005372FE /* LaunchScreen.storyboard */ = {
			isa = PBXVariantGroup;
			children = (
				834C55B021F7B1FC005372FE /* Base */,
			);
			name = LaunchScreen.storyboard;
			sourceTree = "<group>";
		};
/* End PBXVariantGroup section */

/* Begin XCBuildConfiguration section */
		834C55C921F7B1FC005372FE /* Debug */ = {
			isa = XCBuildConfiguration;
			buildSettings = {
				ALWAYS_SEARCH_USER_PATHS = NO;
				CLANG_ANALYZER_NONNULL = YES;
				CLANG_ANALYZER_NUMBER_OBJECT_CONVERSION = YES_AGGRESSIVE;
				CLANG_CXX_LANGUAGE_STANDARD = "gnu++14";
				CLANG_CXX_LIBRARY = "libc++";
				CLANG_ENABLE_MODULES = YES;
				CLANG_ENABLE_OBJC_ARC = YES;
				CLANG_ENABLE_OBJC_WEAK = YES;
				CLANG_WARN_BLOCK_CAPTURE_AUTORELEASING = YES;
				CLANG_WARN_BOOL_CONVERSION = YES;
				CLANG_WARN_COMMA = YES;
				CLANG_WARN_CONSTANT_CONVERSION = YES;
				CLANG_WARN_DEPRECATED_OBJC_IMPLEMENTATIONS = YES;
				CLANG_WARN_DIRECT_OBJC_ISA_USAGE = YES_ERROR;
				CLANG_WARN_DOCUMENTATION_COMMENTS = YES;
				CLANG_WARN_EMPTY_BODY = YES;
				CLANG_WARN_ENUM_CONVERSION = YES;
				CLANG_WARN_INFINITE_RECURSION = YES;
				CLANG_WARN_INT_CONVERSION = YES;
				CLANG_WARN_NON_LITERAL_NULL_CONVERSION = YES;
				CLANG_WARN_OBJC_IMPLICIT_RETAIN_SELF = YES;
				CLANG_WARN_OBJC_LITERAL_CONVERSION = YES;
				CLANG_WARN_OBJC_ROOT_CLASS = YES_ERROR;
				CLANG_WARN_RANGE_LOOP_ANALYSIS = YES;
				CLANG_WARN_STRICT_PROTOTYPES = YES;
				CLANG_WARN_SUSPICIOUS_MOVE = YES;
				CLANG_WARN_UNGUARDED_AVAILABILITY = YES_AGGRESSIVE;
				CLANG_WARN_UNREACHABLE_CODE = YES;
				CLANG_WARN__DUPLICATE_METHOD_MATCH = YES;
				CODE_SIGN_IDENTITY = "iPhone Developer";
				COPY_PHASE_STRIP = NO;
				DEBUG_INFORMATION_FORMAT = dwarf;
				ENABLE_STRICT_OBJC_MSGSEND = YES;
				ENABLE_TESTABILITY = YES;
				GCC_C_LANGUAGE_STANDARD = gnu11;
				GCC_DYNAMIC_NO_PIC = NO;
				GCC_NO_COMMON_BLOCKS = YES;
				GCC_OPTIMIZATION_LEVEL = 0;
				GCC_PREPROCESSOR_DEFINITIONS = (
					"DEBUG=1",
					"$(inherited)",
				);
				GCC_WARN_64_TO_32_BIT_CONVERSION = YES;
				GCC_WARN_ABOUT_RETURN_TYPE = YES_ERROR;
				GCC_WARN_UNDECLARED_SELECTOR = YES;
				GCC_WARN_UNINITIALIZED_AUTOS = YES_AGGRESSIVE;
				GCC_WARN_UNUSED_FUNCTION = YES;
				GCC_WARN_UNUSED_VARIABLE = YES;
				IPHONEOS_DEPLOYMENT_TARGET = 11.4;
				MTL_ENABLE_DEBUG_INFO = YES;
				ONLY_ACTIVE_ARCH = YES;
				SDKROOT = iphoneos;
				SWIFT_ACTIVE_COMPILATION_CONDITIONS = DEBUG;
				SWIFT_OPTIMIZATION_LEVEL = "-Onone";
			};
			name = Debug;
		};
		834C55CA21F7B1FC005372FE /* Release */ = {
			isa = XCBuildConfiguration;
			buildSettings = {
				ALWAYS_SEARCH_USER_PATHS = NO;
				CLANG_ANALYZER_NONNULL = YES;
				CLANG_ANALYZER_NUMBER_OBJECT_CONVERSION = YES_AGGRESSIVE;
				CLANG_CXX_LANGUAGE_STANDARD = "gnu++14";
				CLANG_CXX_LIBRARY = "libc++";
				CLANG_ENABLE_MODULES = YES;
				CLANG_ENABLE_OBJC_ARC = YES;
				CLANG_ENABLE_OBJC_WEAK = YES;
				CLANG_WARN_BLOCK_CAPTURE_AUTORELEASING = YES;
				CLANG_WARN_BOOL_CONVERSION = YES;
				CLANG_WARN_COMMA = YES;
				CLANG_WARN_CONSTANT_CONVERSION = YES;
				CLANG_WARN_DEPRECATED_OBJC_IMPLEMENTATIONS = YES;
				CLANG_WARN_DIRECT_OBJC_ISA_USAGE = YES_ERROR;
				CLANG_WARN_DOCUMENTATION_COMMENTS = YES;
				CLANG_WARN_EMPTY_BODY = YES;
				CLANG_WARN_ENUM_CONVERSION = YES;
				CLANG_WARN_INFINITE_RECURSION = YES;
				CLANG_WARN_INT_CONVERSION = YES;
				CLANG_WARN_NON_LITERAL_NULL_CONVERSION = YES;
				CLANG_WARN_OBJC_IMPLICIT_RETAIN_SELF = YES;
				CLANG_WARN_OBJC_LITERAL_CONVERSION = YES;
				CLANG_WARN_OBJC_ROOT_CLASS = YES_ERROR;
				CLANG_WARN_RANGE_LOOP_ANALYSIS = YES;
				CLANG_WARN_STRICT_PROTOTYPES = YES;
				CLANG_WARN_SUSPICIOUS_MOVE = YES;
				CLANG_WARN_UNGUARDED_AVAILABILITY = YES_AGGRESSIVE;
				CLANG_WARN_UNREACHABLE_CODE = YES;
				CLANG_WARN__DUPLICATE_METHOD_MATCH = YES;
				CODE_SIGN_IDENTITY = "iPhone Developer";
				COPY_PHASE_STRIP = NO;
				DEBUG_INFORMATION_FORMAT = "dwarf-with-dsym";
				ENABLE_NS_ASSERTIONS = NO;
				ENABLE_STRICT_OBJC_MSGSEND = YES;
				GCC_C_LANGUAGE_STANDARD = gnu11;
				GCC_NO_COMMON_BLOCKS = YES;
				GCC_WARN_64_TO_32_BIT_CONVERSION = YES;
				GCC_WARN_ABOUT_RETURN_TYPE = YES_ERROR;
				GCC_WARN_UNDECLARED_SELECTOR = YES;
				GCC_WARN_UNINITIALIZED_AUTOS = YES_AGGRESSIVE;
				GCC_WARN_UNUSED_FUNCTION = YES;
				GCC_WARN_UNUSED_VARIABLE = YES;
				IPHONEOS_DEPLOYMENT_TARGET = 11.4;
				MTL_ENABLE_DEBUG_INFO = NO;
				SDKROOT = iphoneos;
				SWIFT_COMPILATION_MODE = wholemodule;
				SWIFT_OPTIMIZATION_LEVEL = "-O";
				VALIDATE_PRODUCT = YES;
			};
			name = Release;
		};
		834C55CC21F7B1FC005372FE /* Debug */ = {
			isa = XCBuildConfiguration;
			buildSettings = {
				ASSETCATALOG_COMPILER_APPICON_NAME = AppIcon;
				CODE_SIGN_STYLE = Automatic;
				DEVELOPMENT_TEAM = WVUX7X2RG6;
				INFOPLIST_FILE = Flix/Info.plist;
				LD_RUNPATH_SEARCH_PATHS = (
					"$(inherited)",
					"@executable_path/Frameworks",
				);
				PRODUCT_BUNDLE_IDENTIFIER = com.Flix;
				PRODUCT_NAME = "$(TARGET_NAME)";
				SWIFT_VERSION = 4.0;
				TARGETED_DEVICE_FAMILY = "1,2";
			};
			name = Debug;
		};
		834C55CD21F7B1FC005372FE /* Release */ = {
			isa = XCBuildConfiguration;
			buildSettings = {
				ASSETCATALOG_COMPILER_APPICON_NAME = AppIcon;
				CODE_SIGN_STYLE = Automatic;
				DEVELOPMENT_TEAM = WVUX7X2RG6;
				INFOPLIST_FILE = Flix/Info.plist;
				LD_RUNPATH_SEARCH_PATHS = (
					"$(inherited)",
					"@executable_path/Frameworks",
				);
				PRODUCT_BUNDLE_IDENTIFIER = com.Flix;
				PRODUCT_NAME = "$(TARGET_NAME)";
				SWIFT_VERSION = 4.0;
				TARGETED_DEVICE_FAMILY = "1,2";
			};
			name = Release;
		};
		834C55CF21F7B1FC005372FE /* Debug */ = {
			isa = XCBuildConfiguration;
			buildSettings = {
				ALWAYS_EMBED_SWIFT_STANDARD_LIBRARIES = YES;
				BUNDLE_LOADER = "$(TEST_HOST)";
				CODE_SIGN_STYLE = Automatic;
				DEVELOPMENT_TEAM = WVUX7X2RG6;
				INFOPLIST_FILE = FlixTests/Info.plist;
				LD_RUNPATH_SEARCH_PATHS = (
					"$(inherited)",
					"@executable_path/Frameworks",
					"@loader_path/Frameworks",
				);
				PRODUCT_BUNDLE_IDENTIFIER = com.FlixTests;
				PRODUCT_NAME = "$(TARGET_NAME)";
				SWIFT_VERSION = 4.0;
				TARGETED_DEVICE_FAMILY = "1,2";
				TEST_HOST = "$(BUILT_PRODUCTS_DIR)/Flix.app/Flix";
			};
			name = Debug;
		};
		834C55D021F7B1FC005372FE /* Release */ = {
			isa = XCBuildConfiguration;
			buildSettings = {
				ALWAYS_EMBED_SWIFT_STANDARD_LIBRARIES = YES;
				BUNDLE_LOADER = "$(TEST_HOST)";
				CODE_SIGN_STYLE = Automatic;
				DEVELOPMENT_TEAM = WVUX7X2RG6;
				INFOPLIST_FILE = FlixTests/Info.plist;
				LD_RUNPATH_SEARCH_PATHS = (
					"$(inherited)",
					"@executable_path/Frameworks",
					"@loader_path/Frameworks",
				);
				PRODUCT_BUNDLE_IDENTIFIER = com.FlixTests;
				PRODUCT_NAME = "$(TARGET_NAME)";
				SWIFT_VERSION = 4.0;
				TARGETED_DEVICE_FAMILY = "1,2";
				TEST_HOST = "$(BUILT_PRODUCTS_DIR)/Flix.app/Flix";
			};
			name = Release;
		};
		834C55D221F7B1FC005372FE /* Debug */ = {
			isa = XCBuildConfiguration;
			buildSettings = {
				ALWAYS_EMBED_SWIFT_STANDARD_LIBRARIES = YES;
				CODE_SIGN_STYLE = Automatic;
				DEVELOPMENT_TEAM = WVUX7X2RG6;
				INFOPLIST_FILE = FlixUITests/Info.plist;
				LD_RUNPATH_SEARCH_PATHS = (
					"$(inherited)",
					"@executable_path/Frameworks",
					"@loader_path/Frameworks",
				);
				PRODUCT_BUNDLE_IDENTIFIER = com.FlixUITests;
				PRODUCT_NAME = "$(TARGET_NAME)";
				SWIFT_VERSION = 4.0;
				TARGETED_DEVICE_FAMILY = "1,2";
				TEST_TARGET_NAME = Flix;
			};
			name = Debug;
		};
		834C55D321F7B1FC005372FE /* Release */ = {
			isa = XCBuildConfiguration;
			buildSettings = {
				ALWAYS_EMBED_SWIFT_STANDARD_LIBRARIES = YES;
				CODE_SIGN_STYLE = Automatic;
				DEVELOPMENT_TEAM = WVUX7X2RG6;
				INFOPLIST_FILE = FlixUITests/Info.plist;
				LD_RUNPATH_SEARCH_PATHS = (
					"$(inherited)",
					"@executable_path/Frameworks",
					"@loader_path/Frameworks",
				);
				PRODUCT_BUNDLE_IDENTIFIER = com.FlixUITests;
				PRODUCT_NAME = "$(TARGET_NAME)";
				SWIFT_VERSION = 4.0;
				TARGETED_DEVICE_FAMILY = "1,2";
				TEST_TARGET_NAME = Flix;
			};
			name = Release;
		};
/* End XCBuildConfiguration section */

/* Begin XCConfigurationList section */
		834C559E21F7B1F8005372FE /* Build configuration list for PBXProject "Flix" */ = {
			isa = XCConfigurationList;
			buildConfigurations = (
				834C55C921F7B1FC005372FE /* Debug */,
				834C55CA21F7B1FC005372FE /* Release */,
			);
			defaultConfigurationIsVisible = 0;
			defaultConfigurationName = Release;
		};
		834C55CB21F7B1FC005372FE /* Build configuration list for PBXNativeTarget "Flix" */ = {
			isa = XCConfigurationList;
			buildConfigurations = (
				834C55CC21F7B1FC005372FE /* Debug */,
				834C55CD21F7B1FC005372FE /* Release */,
			);
			defaultConfigurationIsVisible = 0;
			defaultConfigurationName = Release;
		};
		834C55CE21F7B1FC005372FE /* Build configuration list for PBXNativeTarget "FlixTests" */ = {
			isa = XCConfigurationList;
			buildConfigurations = (
				834C55CF21F7B1FC005372FE /* Debug */,
				834C55D021F7B1FC005372FE /* Release */,
			);
			defaultConfigurationIsVisible = 0;
			defaultConfigurationName = Release;
		};
		834C55D121F7B1FC005372FE /* Build configuration list for PBXNativeTarget "FlixUITests" */ = {
			isa = XCConfigurationList;
			buildConfigurations = (
				834C55D221F7B1FC005372FE /* Debug */,
				834C55D321F7B1FC005372FE /* Release */,
			);
			defaultConfigurationIsVisible = 0;
			defaultConfigurationName = Release;
		};
/* End XCConfigurationList section */
	};
	rootObject = 834C559B21F7B1F8005372FE /* Project object */;
}
